// !$*UTF8*$!
{
	archiveVersion = 1;
	classes = {
	};
	objectVersion = 51;
	objects = {

/* Begin PBXBuildFile section */
		29650C9C262D040800D6C92B /* Home.swift in Sources */ = {isa = PBXBuildFile; fileRef = 29AD5215262D028400D0BDC9 /* Home.swift */; };
		29650CA0262D041100D6C92B /* MapViewModel.swift in Sources */ = {isa = PBXBuildFile; fileRef = 29AD5211262D027800D0BDC9 /* MapViewModel.swift */; };
		29650CA4262D041400D6C92B /* MapView.swift in Sources */ = {isa = PBXBuildFile; fileRef = 29AD5219262D028C00D0BDC9 /* MapView.swift */; };
		29AD51EC262D017D00D0BDC9 /* GeoLineApp.swift in Sources */ = {isa = PBXBuildFile; fileRef = 29AD51E3262D017D00D0BDC9 /* GeoLineApp.swift */; };
		29AD51F2262D017D00D0BDC9 /* ContentView.swift in Sources */ = {isa = PBXBuildFile; fileRef = 29AD51E9262D017D00D0BDC9 /* ContentView.swift */; };
		29AD51FE262D01D300D0BDC9 /* Place.swift in Sources */ = {isa = PBXBuildFile; fileRef = 29AD51FD262D01D300D0BDC9 /* Place.swift */; };
		3B0E5B999803A65336CBFB06 /* Pods_LineoneerTests.framework in Frameworks */ = {isa = PBXBuildFile; fileRef = 42AE4762805AC4D6D64C9272 /* Pods_LineoneerTests.framework */; };
		5F0E4355A87B982057873C2F /* Pods_Lineoneer_LineoneerUITests.framework in Frameworks */ = {isa = PBXBuildFile; fileRef = 4D60200B6A0DF5752DD9FB9C /* Pods_Lineoneer_LineoneerUITests.framework */; };
		6D0D93DC2612D616002B3E7F /* Assets.xcassets in Resources */ = {isa = PBXBuildFile; fileRef = 6D0D93DB2612D616002B3E7F /* Assets.xcassets */; };
		6D0D93DF2612D616002B3E7F /* Preview Assets.xcassets in Resources */ = {isa = PBXBuildFile; fileRef = 6D0D93DE2612D616002B3E7F /* Preview Assets.xcassets */; };
		6D0D93EA2612D616002B3E7F /* LineoneerTests.swift in Sources */ = {isa = PBXBuildFile; fileRef = 6D0D93E92612D616002B3E7F /* LineoneerTests.swift */; };
		6D0D93F52612D616002B3E7F /* LineoneerUITests.swift in Sources */ = {isa = PBXBuildFile; fileRef = 6D0D93F42612D616002B3E7F /* LineoneerUITests.swift */; };
		C892C09A66324447FD5A38EA /* Pods_Lineoneer.framework in Frameworks */ = {isa = PBXBuildFile; fileRef = 0D36873B7A0C58A37B4EF362 /* Pods_Lineoneer.framework */; };
/* End PBXBuildFile section */

/* Begin PBXContainerItemProxy section */
		6D0D93E62612D616002B3E7F /* PBXContainerItemProxy */ = {
			isa = PBXContainerItemProxy;
			containerPortal = 6D0D93CC2612D614002B3E7F /* Project object */;
			proxyType = 1;
			remoteGlobalIDString = 6D0D93D32612D614002B3E7F;
			remoteInfo = Lineoneer;
		};
		6D0D93F12612D616002B3E7F /* PBXContainerItemProxy */ = {
			isa = PBXContainerItemProxy;
			containerPortal = 6D0D93CC2612D614002B3E7F /* Project object */;
			proxyType = 1;
			remoteGlobalIDString = 6D0D93D32612D614002B3E7F;
			remoteInfo = Lineoneer;
		};
/* End PBXContainerItemProxy section */

/* Begin PBXFileReference section */
		0D36873B7A0C58A37B4EF362 /* Pods_Lineoneer.framework */ = {isa = PBXFileReference; explicitFileType = wrapper.framework; includeInIndex = 0; path = Pods_Lineoneer.framework; sourceTree = BUILT_PRODUCTS_DIR; };
		29AD51E1262D017C00D0BDC9 /* Lineoneer-Bridging-Header.h */ = {isa = PBXFileReference; lastKnownFileType = sourcecode.c.h; path = "Lineoneer-Bridging-Header.h"; sourceTree = "<group>"; };
		29AD51E3262D017D00D0BDC9 /* GeoLineApp.swift */ = {isa = PBXFileReference; fileEncoding = 4; lastKnownFileType = sourcecode.swift; name = GeoLineApp.swift; path = ../../../../Desktop/GeoLine/GeoLine/GeoLineApp.swift; sourceTree = "<group>"; };
		29AD51E9262D017D00D0BDC9 /* ContentView.swift */ = {isa = PBXFileReference; fileEncoding = 4; lastKnownFileType = sourcecode.swift; name = ContentView.swift; path = ../../../../Desktop/GeoLine/GeoLine/ContentView.swift; sourceTree = "<group>"; };
		29AD51FD262D01D300D0BDC9 /* Place.swift */ = {isa = PBXFileReference; lastKnownFileType = sourcecode.swift; path = Place.swift; sourceTree = "<group>"; };
		29AD5211262D027800D0BDC9 /* MapViewModel.swift */ = {isa = PBXFileReference; lastKnownFileType = sourcecode.swift; path = MapViewModel.swift; sourceTree = "<group>"; };
		29AD5215262D028400D0BDC9 /* Home.swift */ = {isa = PBXFileReference; lastKnownFileType = sourcecode.swift; path = Home.swift; sourceTree = "<group>"; };
		29AD5219262D028C00D0BDC9 /* MapView.swift */ = {isa = PBXFileReference; lastKnownFileType = sourcecode.swift; path = MapView.swift; sourceTree = "<group>"; };
		42AE4762805AC4D6D64C9272 /* Pods_LineoneerTests.framework */ = {isa = PBXFileReference; explicitFileType = wrapper.framework; includeInIndex = 0; path = Pods_LineoneerTests.framework; sourceTree = BUILT_PRODUCTS_DIR; };
		4837B685DF9F7D573ACEC16A /* Pods-Lineoneer-LineoneerUITests.release.xcconfig */ = {isa = PBXFileReference; includeInIndex = 1; lastKnownFileType = text.xcconfig; name = "Pods-Lineoneer-LineoneerUITests.release.xcconfig"; path = "Target Support Files/Pods-Lineoneer-LineoneerUITests/Pods-Lineoneer-LineoneerUITests.release.xcconfig"; sourceTree = "<group>"; };
		4D60200B6A0DF5752DD9FB9C /* Pods_Lineoneer_LineoneerUITests.framework */ = {isa = PBXFileReference; explicitFileType = wrapper.framework; includeInIndex = 0; path = Pods_Lineoneer_LineoneerUITests.framework; sourceTree = BUILT_PRODUCTS_DIR; };
		50A9466FCC46C0FEC8683EFC /* Pods-Lineoneer.debug.xcconfig */ = {isa = PBXFileReference; includeInIndex = 1; lastKnownFileType = text.xcconfig; name = "Pods-Lineoneer.debug.xcconfig"; path = "Target Support Files/Pods-Lineoneer/Pods-Lineoneer.debug.xcconfig"; sourceTree = "<group>"; };
		6D0D93D42612D614002B3E7F /* Lineoneer.app */ = {isa = PBXFileReference; explicitFileType = wrapper.application; includeInIndex = 0; path = Lineoneer.app; sourceTree = BUILT_PRODUCTS_DIR; };
		6D0D93DB2612D616002B3E7F /* Assets.xcassets */ = {isa = PBXFileReference; lastKnownFileType = folder.assetcatalog; path = Assets.xcassets; sourceTree = "<group>"; };
		6D0D93DE2612D616002B3E7F /* Preview Assets.xcassets */ = {isa = PBXFileReference; lastKnownFileType = folder.assetcatalog; path = "Preview Assets.xcassets"; sourceTree = "<group>"; };
		6D0D93E02612D616002B3E7F /* Info.plist */ = {isa = PBXFileReference; lastKnownFileType = text.plist.xml; path = Info.plist; sourceTree = "<group>"; };
		6D0D93E52612D616002B3E7F /* LineoneerTests.xctest */ = {isa = PBXFileReference; explicitFileType = wrapper.cfbundle; includeInIndex = 0; path = LineoneerTests.xctest; sourceTree = BUILT_PRODUCTS_DIR; };
		6D0D93E92612D616002B3E7F /* LineoneerTests.swift */ = {isa = PBXFileReference; lastKnownFileType = sourcecode.swift; path = LineoneerTests.swift; sourceTree = "<group>"; };
		6D0D93EB2612D616002B3E7F /* Info.plist */ = {isa = PBXFileReference; lastKnownFileType = text.plist.xml; path = Info.plist; sourceTree = "<group>"; };
		6D0D93F02612D616002B3E7F /* LineoneerUITests.xctest */ = {isa = PBXFileReference; explicitFileType = wrapper.cfbundle; includeInIndex = 0; path = LineoneerUITests.xctest; sourceTree = BUILT_PRODUCTS_DIR; };
		6D0D93F42612D616002B3E7F /* LineoneerUITests.swift */ = {isa = PBXFileReference; lastKnownFileType = sourcecode.swift; path = LineoneerUITests.swift; sourceTree = "<group>"; };
		6D0D93F62612D616002B3E7F /* Info.plist */ = {isa = PBXFileReference; lastKnownFileType = text.plist.xml; path = Info.plist; sourceTree = "<group>"; };
		7E98510AD518E1AD6B1D1FDE /* Pods-LineoneerTests.release.xcconfig */ = {isa = PBXFileReference; includeInIndex = 1; lastKnownFileType = text.xcconfig; name = "Pods-LineoneerTests.release.xcconfig"; path = "Target Support Files/Pods-LineoneerTests/Pods-LineoneerTests.release.xcconfig"; sourceTree = "<group>"; };
		81B57A1449829D11E5CF5CFD /* Pods-LineoneerTests.debug.xcconfig */ = {isa = PBXFileReference; includeInIndex = 1; lastKnownFileType = text.xcconfig; name = "Pods-LineoneerTests.debug.xcconfig"; path = "Target Support Files/Pods-LineoneerTests/Pods-LineoneerTests.debug.xcconfig"; sourceTree = "<group>"; };
		BA1B95EE6C440BF5716546A4 /* Pods-Lineoneer-LineoneerUITests.debug.xcconfig */ = {isa = PBXFileReference; includeInIndex = 1; lastKnownFileType = text.xcconfig; name = "Pods-Lineoneer-LineoneerUITests.debug.xcconfig"; path = "Target Support Files/Pods-Lineoneer-LineoneerUITests/Pods-Lineoneer-LineoneerUITests.debug.xcconfig"; sourceTree = "<group>"; };
		E4502B0C7DCB5326DC6FE4E1 /* Pods-Lineoneer.release.xcconfig */ = {isa = PBXFileReference; includeInIndex = 1; lastKnownFileType = text.xcconfig; name = "Pods-Lineoneer.release.xcconfig"; path = "Target Support Files/Pods-Lineoneer/Pods-Lineoneer.release.xcconfig"; sourceTree = "<group>"; };
/* End PBXFileReference section */

/* Begin PBXFrameworksBuildPhase section */
		6D0D93D12612D614002B3E7F /* Frameworks */ = {
			isa = PBXFrameworksBuildPhase;
			buildActionMask = 2147483647;
			files = (
				C892C09A66324447FD5A38EA /* Pods_Lineoneer.framework in Frameworks */,
			);
			runOnlyForDeploymentPostprocessing = 0;
		};
		6D0D93E22612D616002B3E7F /* Frameworks */ = {
			isa = PBXFrameworksBuildPhase;
			buildActionMask = 2147483647;
			files = (
				3B0E5B999803A65336CBFB06 /* Pods_LineoneerTests.framework in Frameworks */,
			);
			runOnlyForDeploymentPostprocessing = 0;
		};
		6D0D93ED2612D616002B3E7F /* Frameworks */ = {
			isa = PBXFrameworksBuildPhase;
			buildActionMask = 2147483647;
			files = (
				5F0E4355A87B982057873C2F /* Pods_Lineoneer_LineoneerUITests.framework in Frameworks */,
			);
			runOnlyForDeploymentPostprocessing = 0;
		};
/* End PBXFrameworksBuildPhase section */

/* Begin PBXGroup section */
		29AD520E262D024D00D0BDC9 /* Model */ = {
			isa = PBXGroup;
			children = (
				29AD51FD262D01D300D0BDC9 /* Place.swift */,
			);
			path = Model;
			sourceTree = "<group>";
		};
		29AD520F262D025D00D0BDC9 /* ViewModel */ = {
			isa = PBXGroup;
			children = (
				29AD5211262D027800D0BDC9 /* MapViewModel.swift */,
			);
			path = ViewModel;
			sourceTree = "<group>";
		};
		29AD5210262D026700D0BDC9 /* View */ = {
			isa = PBXGroup;
			children = (
				29AD5215262D028400D0BDC9 /* Home.swift */,
				29AD5219262D028C00D0BDC9 /* MapView.swift */,
			);
			path = View;
			sourceTree = "<group>";
		};
		6D0D93CB2612D614002B3E7F = {
			isa = PBXGroup;
			children = (
				6D0D93D62612D614002B3E7F /* Lineoneer */,
				6D0D93E82612D616002B3E7F /* LineoneerTests */,
				6D0D93F32612D616002B3E7F /* LineoneerUITests */,
				6D0D93D52612D614002B3E7F /* Products */,
				AADCAA14FEA8B775ECE03023 /* Pods */,
				F41EA6CE1B26A41D2BE39B68 /* Frameworks */,
			);
			sourceTree = "<group>";
		};
		6D0D93D52612D614002B3E7F /* Products */ = {
			isa = PBXGroup;
			children = (
				6D0D93D42612D614002B3E7F /* Lineoneer.app */,
				6D0D93E52612D616002B3E7F /* LineoneerTests.xctest */,
				6D0D93F02612D616002B3E7F /* LineoneerUITests.xctest */,
			);
			name = Products;
			sourceTree = "<group>";
		};
		6D0D93D62612D614002B3E7F /* Lineoneer */ = {
			isa = PBXGroup;
			children = (
				29AD520E262D024D00D0BDC9 /* Model */,
				29AD520F262D025D00D0BDC9 /* ViewModel */,
				29AD5210262D026700D0BDC9 /* View */,
				29AD51E3262D017D00D0BDC9 /* GeoLineApp.swift */,
				29AD51E9262D017D00D0BDC9 /* ContentView.swift */,
				6D0D93DB2612D616002B3E7F /* Assets.xcassets */,
				6D0D93E02612D616002B3E7F /* Info.plist */,
				6D0D93DD2612D616002B3E7F /* Preview Content */,
				29AD51E1262D017C00D0BDC9 /* Lineoneer-Bridging-Header.h */,
			);
			path = Lineoneer;
			sourceTree = "<group>";
		};
		6D0D93DD2612D616002B3E7F /* Preview Content */ = {
			isa = PBXGroup;
			children = (
				6D0D93DE2612D616002B3E7F /* Preview Assets.xcassets */,
			);
			path = "Preview Content";
			sourceTree = "<group>";
		};
		6D0D93E82612D616002B3E7F /* LineoneerTests */ = {
			isa = PBXGroup;
			children = (
				6D0D93E92612D616002B3E7F /* LineoneerTests.swift */,
				6D0D93EB2612D616002B3E7F /* Info.plist */,
			);
			path = LineoneerTests;
			sourceTree = "<group>";
		};
		6D0D93F32612D616002B3E7F /* LineoneerUITests */ = {
			isa = PBXGroup;
			children = (
				6D0D93F42612D616002B3E7F /* LineoneerUITests.swift */,
				6D0D93F62612D616002B3E7F /* Info.plist */,
			);
			path = LineoneerUITests;
			sourceTree = "<group>";
		};
		AADCAA14FEA8B775ECE03023 /* Pods */ = {
			isa = PBXGroup;
			children = (
				50A9466FCC46C0FEC8683EFC /* Pods-Lineoneer.debug.xcconfig */,
				E4502B0C7DCB5326DC6FE4E1 /* Pods-Lineoneer.release.xcconfig */,
				BA1B95EE6C440BF5716546A4 /* Pods-Lineoneer-LineoneerUITests.debug.xcconfig */,
				4837B685DF9F7D573ACEC16A /* Pods-Lineoneer-LineoneerUITests.release.xcconfig */,
				81B57A1449829D11E5CF5CFD /* Pods-LineoneerTests.debug.xcconfig */,
				7E98510AD518E1AD6B1D1FDE /* Pods-LineoneerTests.release.xcconfig */,
			);
			path = Pods;
			sourceTree = "<group>";
		};
		F41EA6CE1B26A41D2BE39B68 /* Frameworks */ = {
			isa = PBXGroup;
			children = (
				0D36873B7A0C58A37B4EF362 /* Pods_Lineoneer.framework */,
				4D60200B6A0DF5752DD9FB9C /* Pods_Lineoneer_LineoneerUITests.framework */,
				42AE4762805AC4D6D64C9272 /* Pods_LineoneerTests.framework */,
			);
			name = Frameworks;
			sourceTree = "<group>";
		};
/* End PBXGroup section */

/* Begin PBXNativeTarget section */
		6D0D93D32612D614002B3E7F /* Lineoneer */ = {
			isa = PBXNativeTarget;
			buildConfigurationList = 6D0D93F92612D616002B3E7F /* Build configuration list for PBXNativeTarget "Lineoneer" */;
			buildPhases = (
				7ACBF8CE10872EDE063DFABB /* [CP] Check Pods Manifest.lock */,
				6D0D93D02612D614002B3E7F /* Sources */,
				6D0D93D12612D614002B3E7F /* Frameworks */,
				6D0D93D22612D614002B3E7F /* Resources */,
				0679EBB0018B3C4D0185965E /* [CP] Copy Pods Resources */,
			);
			buildRules = (
			);
			dependencies = (
			);
			name = Lineoneer;
			productName = Lineoneer;
			productReference = 6D0D93D42612D614002B3E7F /* Lineoneer.app */;
			productType = "com.apple.product-type.application";
		};
		6D0D93E42612D616002B3E7F /* LineoneerTests */ = {
			isa = PBXNativeTarget;
			buildConfigurationList = 6D0D93FC2612D616002B3E7F /* Build configuration list for PBXNativeTarget "LineoneerTests" */;
			buildPhases = (
				86C08A07A86E8B4D839BB16B /* [CP] Check Pods Manifest.lock */,
				6D0D93E12612D616002B3E7F /* Sources */,
				6D0D93E22612D616002B3E7F /* Frameworks */,
				6D0D93E32612D616002B3E7F /* Resources */,
			);
			buildRules = (
			);
			dependencies = (
				6D0D93E72612D616002B3E7F /* PBXTargetDependency */,
			);
			name = LineoneerTests;
			productName = LineoneerTests;
			productReference = 6D0D93E52612D616002B3E7F /* LineoneerTests.xctest */;
			productType = "com.apple.product-type.bundle.unit-test";
		};
		6D0D93EF2612D616002B3E7F /* LineoneerUITests */ = {
			isa = PBXNativeTarget;
			buildConfigurationList = 6D0D93FF2612D616002B3E7F /* Build configuration list for PBXNativeTarget "LineoneerUITests" */;
			buildPhases = (
				87B66A8867612A4734A1CC10 /* [CP] Check Pods Manifest.lock */,
				6D0D93EC2612D616002B3E7F /* Sources */,
				6D0D93ED2612D616002B3E7F /* Frameworks */,
				6D0D93EE2612D616002B3E7F /* Resources */,
				164F7509FC5194ECA5E86DDF /* [CP] Copy Pods Resources */,
			);
			buildRules = (
			);
			dependencies = (
				6D0D93F22612D616002B3E7F /* PBXTargetDependency */,
			);
			name = LineoneerUITests;
			productName = LineoneerUITests;
			productReference = 6D0D93F02612D616002B3E7F /* LineoneerUITests.xctest */;
			productType = "com.apple.product-type.bundle.ui-testing";
		};
/* End PBXNativeTarget section */

/* Begin PBXProject section */
		6D0D93CC2612D614002B3E7F /* Project object */ = {
			isa = PBXProject;
			attributes = {
				LastSwiftUpdateCheck = 1240;
				LastUpgradeCheck = 1240;
				TargetAttributes = {
					6D0D93D32612D614002B3E7F = {
						CreatedOnToolsVersion = 12.4;
						LastSwiftMigration = 1240;
					};
					6D0D93E42612D616002B3E7F = {
						CreatedOnToolsVersion = 12.4;
						TestTargetID = 6D0D93D32612D614002B3E7F;
					};
					6D0D93EF2612D616002B3E7F = {
						CreatedOnToolsVersion = 12.4;
						TestTargetID = 6D0D93D32612D614002B3E7F;
					};
				};
			};
			buildConfigurationList = 6D0D93CF2612D614002B3E7F /* Build configuration list for PBXProject "Lineoneer" */;
			compatibilityVersion = "Xcode 9.3";
			developmentRegion = en;
			hasScannedForEncodings = 0;
			knownRegions = (
				en,
				Base,
			);
			mainGroup = 6D0D93CB2612D614002B3E7F;
			productRefGroup = 6D0D93D52612D614002B3E7F /* Products */;
			projectDirPath = "";
			projectRoot = "";
			targets = (
				6D0D93D32612D614002B3E7F /* Lineoneer */,
				6D0D93E42612D616002B3E7F /* LineoneerTests */,
				6D0D93EF2612D616002B3E7F /* LineoneerUITests */,
			);
		};
/* End PBXProject section */

/* Begin PBXResourcesBuildPhase section */
		6D0D93D22612D614002B3E7F /* Resources */ = {
			isa = PBXResourcesBuildPhase;
			buildActionMask = 2147483647;
			files = (
				6D0D93DF2612D616002B3E7F /* Preview Assets.xcassets in Resources */,
				6D0D93DC2612D616002B3E7F /* Assets.xcassets in Resources */,
			);
			runOnlyForDeploymentPostprocessing = 0;
		};
		6D0D93E32612D616002B3E7F /* Resources */ = {
			isa = PBXResourcesBuildPhase;
			buildActionMask = 2147483647;
			files = (
			);
			runOnlyForDeploymentPostprocessing = 0;
		};
		6D0D93EE2612D616002B3E7F /* Resources */ = {
			isa = PBXResourcesBuildPhase;
			buildActionMask = 2147483647;
			files = (
			);
			runOnlyForDeploymentPostprocessing = 0;
		};
/* End PBXResourcesBuildPhase section */

/* Begin PBXShellScriptBuildPhase section */
		0679EBB0018B3C4D0185965E /* [CP] Copy Pods Resources */ = {
			isa = PBXShellScriptBuildPhase;
			buildActionMask = 2147483647;
			files = (
			);
			inputFileListPaths = (
				"${PODS_ROOT}/Target Support Files/Pods-Lineoneer/Pods-Lineoneer-resources-${CONFIGURATION}-input-files.xcfilelist",
			);
			name = "[CP] Copy Pods Resources";
			outputFileListPaths = (
				"${PODS_ROOT}/Target Support Files/Pods-Lineoneer/Pods-Lineoneer-resources-${CONFIGURATION}-output-files.xcfilelist",
			);
			runOnlyForDeploymentPostprocessing = 0;
			shellPath = /bin/sh;
			shellScript = "\"${PODS_ROOT}/Target Support Files/Pods-Lineoneer/Pods-Lineoneer-resources.sh\"\n";
			showEnvVarsInLog = 0;
		};
		164F7509FC5194ECA5E86DDF /* [CP] Copy Pods Resources */ = {
			isa = PBXShellScriptBuildPhase;
			buildActionMask = 2147483647;
			files = (
			);
			inputFileListPaths = (
				"${PODS_ROOT}/Target Support Files/Pods-Lineoneer-LineoneerUITests/Pods-Lineoneer-LineoneerUITests-resources-${CONFIGURATION}-input-files.xcfilelist",
			);
			name = "[CP] Copy Pods Resources";
			outputFileListPaths = (
				"${PODS_ROOT}/Target Support Files/Pods-Lineoneer-LineoneerUITests/Pods-Lineoneer-LineoneerUITests-resources-${CONFIGURATION}-output-files.xcfilelist",
			);
			runOnlyForDeploymentPostprocessing = 0;
			shellPath = /bin/sh;
			shellScript = "\"${PODS_ROOT}/Target Support Files/Pods-Lineoneer-LineoneerUITests/Pods-Lineoneer-LineoneerUITests-resources.sh\"\n";
			showEnvVarsInLog = 0;
		};
		7ACBF8CE10872EDE063DFABB /* [CP] Check Pods Manifest.lock */ = {
			isa = PBXShellScriptBuildPhase;
			buildActionMask = 2147483647;
			files = (
			);
			inputFileListPaths = (
			);
			inputPaths = (
				"${PODS_PODFILE_DIR_PATH}/Podfile.lock",
				"${PODS_ROOT}/Manifest.lock",
			);
			name = "[CP] Check Pods Manifest.lock";
			outputFileListPaths = (
			);
			outputPaths = (
				"$(DERIVED_FILE_DIR)/Pods-Lineoneer-checkManifestLockResult.txt",
			);
			runOnlyForDeploymentPostprocessing = 0;
			shellPath = /bin/sh;
			shellScript = "diff \"${PODS_PODFILE_DIR_PATH}/Podfile.lock\" \"${PODS_ROOT}/Manifest.lock\" > /dev/null\nif [ $? != 0 ] ; then\n    # print error to STDERR\n    echo \"error: The sandbox is not in sync with the Podfile.lock. Run 'pod install' or update your CocoaPods installation.\" >&2\n    exit 1\nfi\n# This output is used by Xcode 'outputs' to avoid re-running this script phase.\necho \"SUCCESS\" > \"${SCRIPT_OUTPUT_FILE_0}\"\n";
			showEnvVarsInLog = 0;
		};
		86C08A07A86E8B4D839BB16B /* [CP] Check Pods Manifest.lock */ = {
			isa = PBXShellScriptBuildPhase;
			buildActionMask = 2147483647;
			files = (
			);
			inputFileListPaths = (
			);
			inputPaths = (
				"${PODS_PODFILE_DIR_PATH}/Podfile.lock",
				"${PODS_ROOT}/Manifest.lock",
			);
			name = "[CP] Check Pods Manifest.lock";
			outputFileListPaths = (
			);
			outputPaths = (
				"$(DERIVED_FILE_DIR)/Pods-LineoneerTests-checkManifestLockResult.txt",
			);
			runOnlyForDeploymentPostprocessing = 0;
			shellPath = /bin/sh;
			shellScript = "diff \"${PODS_PODFILE_DIR_PATH}/Podfile.lock\" \"${PODS_ROOT}/Manifest.lock\" > /dev/null\nif [ $? != 0 ] ; then\n    # print error to STDERR\n    echo \"error: The sandbox is not in sync with the Podfile.lock. Run 'pod install' or update your CocoaPods installation.\" >&2\n    exit 1\nfi\n# This output is used by Xcode 'outputs' to avoid re-running this script phase.\necho \"SUCCESS\" > \"${SCRIPT_OUTPUT_FILE_0}\"\n";
			showEnvVarsInLog = 0;
		};
		87B66A8867612A4734A1CC10 /* [CP] Check Pods Manifest.lock */ = {
			isa = PBXShellScriptBuildPhase;
			buildActionMask = 2147483647;
			files = (
			);
			inputFileListPaths = (
			);
			inputPaths = (
				"${PODS_PODFILE_DIR_PATH}/Podfile.lock",
				"${PODS_ROOT}/Manifest.lock",
			);
			name = "[CP] Check Pods Manifest.lock";
			outputFileListPaths = (
			);
			outputPaths = (
				"$(DERIVED_FILE_DIR)/Pods-Lineoneer-LineoneerUITests-checkManifestLockResult.txt",
			);
			runOnlyForDeploymentPostprocessing = 0;
			shellPath = /bin/sh;
			shellScript = "diff \"${PODS_PODFILE_DIR_PATH}/Podfile.lock\" \"${PODS_ROOT}/Manifest.lock\" > /dev/null\nif [ $? != 0 ] ; then\n    # print error to STDERR\n    echo \"error: The sandbox is not in sync with the Podfile.lock. Run 'pod install' or update your CocoaPods installation.\" >&2\n    exit 1\nfi\n# This output is used by Xcode 'outputs' to avoid re-running this script phase.\necho \"SUCCESS\" > \"${SCRIPT_OUTPUT_FILE_0}\"\n";
			showEnvVarsInLog = 0;
		};
/* End PBXShellScriptBuildPhase section */

/* Begin PBXSourcesBuildPhase section */
		6D0D93D02612D614002B3E7F /* Sources */ = {
			isa = PBXSourcesBuildPhase;
			buildActionMask = 2147483647;
			files = (
				29AD51EC262D017D00D0BDC9 /* GeoLineApp.swift in Sources */,
				29650CA4262D041400D6C92B /* MapView.swift in Sources */,
				29650CA0262D041100D6C92B /* MapViewModel.swift in Sources */,
				29AD51F2262D017D00D0BDC9 /* ContentView.swift in Sources */,
				29650C9C262D040800D6C92B /* Home.swift in Sources */,
				29AD51FE262D01D300D0BDC9 /* Place.swift in Sources */,
			);
			runOnlyForDeploymentPostprocessing = 0;
		};
		6D0D93E12612D616002B3E7F /* Sources */ = {
			isa = PBXSourcesBuildPhase;
			buildActionMask = 2147483647;
			files = (
				6D0D93EA2612D616002B3E7F /* LineoneerTests.swift in Sources */,
			);
			runOnlyForDeploymentPostprocessing = 0;
		};
		6D0D93EC2612D616002B3E7F /* Sources */ = {
			isa = PBXSourcesBuildPhase;
			buildActionMask = 2147483647;
			files = (
				6D0D93F52612D616002B3E7F /* LineoneerUITests.swift in Sources */,
			);
			runOnlyForDeploymentPostprocessing = 0;
		};
/* End PBXSourcesBuildPhase section */

/* Begin PBXTargetDependency section */
		6D0D93E72612D616002B3E7F /* PBXTargetDependency */ = {
			isa = PBXTargetDependency;
			target = 6D0D93D32612D614002B3E7F /* Lineoneer */;
			targetProxy = 6D0D93E62612D616002B3E7F /* PBXContainerItemProxy */;
		};
		6D0D93F22612D616002B3E7F /* PBXTargetDependency */ = {
			isa = PBXTargetDependency;
			target = 6D0D93D32612D614002B3E7F /* Lineoneer */;
			targetProxy = 6D0D93F12612D616002B3E7F /* PBXContainerItemProxy */;
		};
/* End PBXTargetDependency section */

/* Begin XCBuildConfiguration section */
		6D0D93F72612D616002B3E7F /* Debug */ = {
			isa = XCBuildConfiguration;
			buildSettings = {
				ALWAYS_SEARCH_USER_PATHS = NO;
				CLANG_ANALYZER_NONNULL = YES;
				CLANG_ANALYZER_NUMBER_OBJECT_CONVERSION = YES_AGGRESSIVE;
				CLANG_CXX_LANGUAGE_STANDARD = "gnu++14";
				CLANG_CXX_LIBRARY = "libc++";
				CLANG_ENABLE_MODULES = YES;
				CLANG_ENABLE_OBJC_ARC = YES;
				CLANG_ENABLE_OBJC_WEAK = YES;
				CLANG_WARN_BLOCK_CAPTURE_AUTORELEASING = YES;
				CLANG_WARN_BOOL_CONVERSION = YES;
				CLANG_WARN_COMMA = YES;
				CLANG_WARN_CONSTANT_CONVERSION = YES;
				CLANG_WARN_DEPRECATED_OBJC_IMPLEMENTATIONS = YES;
				CLANG_WARN_DIRECT_OBJC_ISA_USAGE = YES_ERROR;
				CLANG_WARN_DOCUMENTATION_COMMENTS = YES;
				CLANG_WARN_EMPTY_BODY = YES;
				CLANG_WARN_ENUM_CONVERSION = YES;
				CLANG_WARN_INFINITE_RECURSION = YES;
				CLANG_WARN_INT_CONVERSION = YES;
				CLANG_WARN_NON_LITERAL_NULL_CONVERSION = YES;
				CLANG_WARN_OBJC_IMPLICIT_RETAIN_SELF = YES;
				CLANG_WARN_OBJC_LITERAL_CONVERSION = YES;
				CLANG_WARN_OBJC_ROOT_CLASS = YES_ERROR;
				CLANG_WARN_QUOTED_INCLUDE_IN_FRAMEWORK_HEADER = YES;
				CLANG_WARN_RANGE_LOOP_ANALYSIS = YES;
				CLANG_WARN_STRICT_PROTOTYPES = YES;
				CLANG_WARN_SUSPICIOUS_MOVE = YES;
				CLANG_WARN_UNGUARDED_AVAILABILITY = YES_AGGRESSIVE;
				CLANG_WARN_UNREACHABLE_CODE = YES;
				CLANG_WARN__DUPLICATE_METHOD_MATCH = YES;
				COPY_PHASE_STRIP = NO;
				DEBUG_INFORMATION_FORMAT = dwarf;
				ENABLE_STRICT_OBJC_MSGSEND = YES;
				ENABLE_TESTABILITY = YES;
				"EXCLUDED_ARCHS[sdk=*]" = arm64;
				GCC_C_LANGUAGE_STANDARD = gnu11;
				GCC_DYNAMIC_NO_PIC = NO;
				GCC_NO_COMMON_BLOCKS = YES;
				GCC_OPTIMIZATION_LEVEL = 0;
				GCC_PREPROCESSOR_DEFINITIONS = (
					"DEBUG=1",
					"$(inherited)",
				);
				GCC_WARN_64_TO_32_BIT_CONVERSION = YES;
				GCC_WARN_ABOUT_RETURN_TYPE = YES_ERROR;
				GCC_WARN_UNDECLARED_SELECTOR = YES;
				GCC_WARN_UNINITIALIZED_AUTOS = YES_AGGRESSIVE;
				GCC_WARN_UNUSED_FUNCTION = YES;
				GCC_WARN_UNUSED_VARIABLE = YES;
				IPHONEOS_DEPLOYMENT_TARGET = 14.4;
				MTL_ENABLE_DEBUG_INFO = INCLUDE_SOURCE;
				MTL_FAST_MATH = YES;
				ONLY_ACTIVE_ARCH = YES;
				SDKROOT = iphoneos;
				SWIFT_ACTIVE_COMPILATION_CONDITIONS = DEBUG;
				SWIFT_OPTIMIZATION_LEVEL = "-Onone";
			};
			name = Debug;
		};
		6D0D93F82612D616002B3E7F /* Release */ = {
			isa = XCBuildConfiguration;
			buildSettings = {
				ALWAYS_SEARCH_USER_PATHS = NO;
				CLANG_ANALYZER_NONNULL = YES;
				CLANG_ANALYZER_NUMBER_OBJECT_CONVERSION = YES_AGGRESSIVE;
				CLANG_CXX_LANGUAGE_STANDARD = "gnu++14";
				CLANG_CXX_LIBRARY = "libc++";
				CLANG_ENABLE_MODULES = YES;
				CLANG_ENABLE_OBJC_ARC = YES;
				CLANG_ENABLE_OBJC_WEAK = YES;
				CLANG_WARN_BLOCK_CAPTURE_AUTORELEASING = YES;
				CLANG_WARN_BOOL_CONVERSION = YES;
				CLANG_WARN_COMMA = YES;
				CLANG_WARN_CONSTANT_CONVERSION = YES;
				CLANG_WARN_DEPRECATED_OBJC_IMPLEMENTATIONS = YES;
				CLANG_WARN_DIRECT_OBJC_ISA_USAGE = YES_ERROR;
				CLANG_WARN_DOCUMENTATION_COMMENTS = YES;
				CLANG_WARN_EMPTY_BODY = YES;
				CLANG_WARN_ENUM_CONVERSION = YES;
				CLANG_WARN_INFINITE_RECURSION = YES;
				CLANG_WARN_INT_CONVERSION = YES;
				CLANG_WARN_NON_LITERAL_NULL_CONVERSION = YES;
				CLANG_WARN_OBJC_IMPLICIT_RETAIN_SELF = YES;
				CLANG_WARN_OBJC_LITERAL_CONVERSION = YES;
				CLANG_WARN_OBJC_ROOT_CLASS = YES_ERROR;
				CLANG_WARN_QUOTED_INCLUDE_IN_FRAMEWORK_HEADER = YES;
				CLANG_WARN_RANGE_LOOP_ANALYSIS = YES;
				CLANG_WARN_STRICT_PROTOTYPES = YES;
				CLANG_WARN_SUSPICIOUS_MOVE = YES;
				CLANG_WARN_UNGUARDED_AVAILABILITY = YES_AGGRESSIVE;
				CLANG_WARN_UNREACHABLE_CODE = YES;
				CLANG_WARN__DUPLICATE_METHOD_MATCH = YES;
				COPY_PHASE_STRIP = NO;
				DEBUG_INFORMATION_FORMAT = "dwarf-with-dsym";
				ENABLE_NS_ASSERTIONS = NO;
				ENABLE_STRICT_OBJC_MSGSEND = YES;
				"EXCLUDED_ARCHS[sdk=*]" = arm64;
				GCC_C_LANGUAGE_STANDARD = gnu11;
				GCC_NO_COMMON_BLOCKS = YES;
				GCC_WARN_64_TO_32_BIT_CONVERSION = YES;
				GCC_WARN_ABOUT_RETURN_TYPE = YES_ERROR;
				GCC_WARN_UNDECLARED_SELECTOR = YES;
				GCC_WARN_UNINITIALIZED_AUTOS = YES_AGGRESSIVE;
				GCC_WARN_UNUSED_FUNCTION = YES;
				GCC_WARN_UNUSED_VARIABLE = YES;
				IPHONEOS_DEPLOYMENT_TARGET = 14.4;
				MTL_ENABLE_DEBUG_INFO = NO;
				MTL_FAST_MATH = YES;
				SDKROOT = iphoneos;
				SWIFT_COMPILATION_MODE = wholemodule;
				SWIFT_OPTIMIZATION_LEVEL = "-O";
				VALIDATE_PRODUCT = YES;
			};
			name = Release;
		};
		6D0D93FA2612D616002B3E7F /* Debug */ = {
			isa = XCBuildConfiguration;
			baseConfigurationReference = 50A9466FCC46C0FEC8683EFC /* Pods-Lineoneer.debug.xcconfig */;
			buildSettings = {
				ASSETCATALOG_COMPILER_APPICON_NAME = AppIcon;
				ASSETCATALOG_COMPILER_GLOBAL_ACCENT_COLOR_NAME = AccentColor;
				CLANG_ENABLE_MODULES = YES;
				CODE_SIGN_STYLE = Automatic;
				DEVELOPMENT_ASSET_PATHS = "\"Lineoneer/Preview Content\"";
				DEVELOPMENT_TEAM = YBHE65Z2MU;
				ENABLE_PREVIEWS = YES;
				INFOPLIST_FILE = Lineoneer/Info.plist;
				IPHONEOS_DEPLOYMENT_TARGET = 14.0;
				LD_RUNPATH_SEARCH_PATHS = (
					"$(inherited)",
					"@executable_path/Frameworks",
				);
				PRODUCT_BUNDLE_IDENTIFIER = com.Lineoneer;
				PRODUCT_NAME = "$(TARGET_NAME)";
				SWIFT_OBJC_BRIDGING_HEADER = "Lineoneer/Lineoneer-Bridging-Header.h";
				SWIFT_OPTIMIZATION_LEVEL = "-Onone";
				SWIFT_VERSION = 5.0;
				TARGETED_DEVICE_FAMILY = "1,2";
			};
			name = Debug;
		};
		6D0D93FB2612D616002B3E7F /* Release */ = {
			isa = XCBuildConfiguration;
			baseConfigurationReference = E4502B0C7DCB5326DC6FE4E1 /* Pods-Lineoneer.release.xcconfig */;
			buildSettings = {
				ASSETCATALOG_COMPILER_APPICON_NAME = AppIcon;
				ASSETCATALOG_COMPILER_GLOBAL_ACCENT_COLOR_NAME = AccentColor;
				CLANG_ENABLE_MODULES = YES;
				CODE_SIGN_STYLE = Automatic;
				DEVELOPMENT_ASSET_PATHS = "\"Lineoneer/Preview Content\"";
				DEVELOPMENT_TEAM = YBHE65Z2MU;
				ENABLE_PREVIEWS = YES;
				INFOPLIST_FILE = Lineoneer/Info.plist;
				IPHONEOS_DEPLOYMENT_TARGET = 14.0;
				LD_RUNPATH_SEARCH_PATHS = (
					"$(inherited)",
					"@executable_path/Frameworks",
				);
				PRODUCT_BUNDLE_IDENTIFIER = com.Lineoneer;
				PRODUCT_NAME = "$(TARGET_NAME)";
				SWIFT_OBJC_BRIDGING_HEADER = "Lineoneer/Lineoneer-Bridging-Header.h";
				SWIFT_VERSION = 5.0;
				TARGETED_DEVICE_FAMILY = "1,2";
			};
			name = Release;
		};
		6D0D93FD2612D616002B3E7F /* Debug */ = {
			isa = XCBuildConfiguration;
			baseConfigurationReference = 81B57A1449829D11E5CF5CFD /* Pods-LineoneerTests.debug.xcconfig */;
			buildSettings = {
				ALWAYS_EMBED_SWIFT_STANDARD_LIBRARIES = YES;
				BUNDLE_LOADER = "$(TEST_HOST)";
				CODE_SIGN_STYLE = Automatic;
				DEVELOPMENT_TEAM = YBHE65Z2MU;
				INFOPLIST_FILE = LineoneerTests/Info.plist;
				IPHONEOS_DEPLOYMENT_TARGET = 14.0;
				LD_RUNPATH_SEARCH_PATHS = (
					"$(inherited)",
					"@executable_path/Frameworks",
					"@loader_path/Frameworks",
				);
				PRODUCT_BUNDLE_IDENTIFIER = com.LineoneerTests;
				PRODUCT_NAME = "$(TARGET_NAME)";
				SWIFT_VERSION = 5.0;
				TARGETED_DEVICE_FAMILY = "1,2";
				TEST_HOST = "$(BUILT_PRODUCTS_DIR)/Lineoneer.app/Lineoneer";
			};
			name = Debug;
		};
		6D0D93FE2612D616002B3E7F /* Release */ = {
			isa = XCBuildConfiguration;
			baseConfigurationReference = 7E98510AD518E1AD6B1D1FDE /* Pods-LineoneerTests.release.xcconfig */;
			buildSettings = {
				ALWAYS_EMBED_SWIFT_STANDARD_LIBRARIES = YES;
				BUNDLE_LOADER = "$(TEST_HOST)";
				CODE_SIGN_STYLE = Automatic;
				DEVELOPMENT_TEAM = YBHE65Z2MU;
				INFOPLIST_FILE = LineoneerTests/Info.plist;
				IPHONEOS_DEPLOYMENT_TARGET = 14.0;
				LD_RUNPATH_SEARCH_PATHS = (
					"$(inherited)",
					"@executable_path/Frameworks",
					"@loader_path/Frameworks",
				);
				PRODUCT_BUNDLE_IDENTIFIER = com.LineoneerTests;
				PRODUCT_NAME = "$(TARGET_NAME)";
				SWIFT_VERSION = 5.0;
				TARGETED_DEVICE_FAMILY = "1,2";
				TEST_HOST = "$(BUILT_PRODUCTS_DIR)/Lineoneer.app/Lineoneer";
			};
			name = Release;
		};
		6D0D94002612D616002B3E7F /* Debug */ = {
			isa = XCBuildConfiguration;
			baseConfigurationReference = BA1B95EE6C440BF5716546A4 /* Pods-Lineoneer-LineoneerUITests.debug.xcconfig */;
			buildSettings = {
				ALWAYS_EMBED_SWIFT_STANDARD_LIBRARIES = YES;
				CODE_SIGN_STYLE = Automatic;
				DEVELOPMENT_TEAM = YBHE65Z2MU;
				INFOPLIST_FILE = LineoneerUITests/Info.plist;
				LD_RUNPATH_SEARCH_PATHS = (
					"$(inherited)",
					"@executable_path/Frameworks",
					"@loader_path/Frameworks",
				);
				PRODUCT_BUNDLE_IDENTIFIER = com.LineoneerUITests;
				PRODUCT_NAME = "$(TARGET_NAME)";
				SWIFT_VERSION = 5.0;
				TARGETED_DEVICE_FAMILY = "1,2";
				TEST_TARGET_NAME = Lineoneer;
			};
			name = Debug;
		};
		6D0D94012612D616002B3E7F /* Release */ = {
			isa = XCBuildConfiguration;
			baseConfigurationReference = 4837B685DF9F7D573ACEC16A /* Pods-Lineoneer-LineoneerUITests.release.xcconfig */;
			buildSettings = {
				ALWAYS_EMBED_SWIFT_STANDARD_LIBRARIES = YES;
				CODE_SIGN_STYLE = Automatic;
				DEVELOPMENT_TEAM = YBHE65Z2MU;
				INFOPLIST_FILE = LineoneerUITests/Info.plist;
				LD_RUNPATH_SEARCH_PATHS = (
					"$(inherited)",
					"@executable_path/Frameworks",
					"@loader_path/Frameworks",
				);
				PRODUCT_BUNDLE_IDENTIFIER = com.LineoneerUITests;
				PRODUCT_NAME = "$(TARGET_NAME)";
				SWIFT_VERSION = 5.0;
				TARGETED_DEVICE_FAMILY = "1,2";
				TEST_TARGET_NAME = Lineoneer;
			};
			name = Release;
		};
/* End XCBuildConfiguration section */

/* Begin XCConfigurationList section */
		6D0D93CF2612D614002B3E7F /* Build configuration list for PBXProject "Lineoneer" */ = {
			isa = XCConfigurationList;
			buildConfigurations = (
				6D0D93F72612D616002B3E7F /* Debug */,
				6D0D93F82612D616002B3E7F /* Release */,
			);
			defaultConfigurationIsVisible = 0;
			defaultConfigurationName = Release;
		};
		6D0D93F92612D616002B3E7F /* Build configuration list for PBXNativeTarget "Lineoneer" */ = {
			isa = XCConfigurationList;
			buildConfigurations = (
				6D0D93FA2612D616002B3E7F /* Debug */,
				6D0D93FB2612D616002B3E7F /* Release */,
			);
			defaultConfigurationIsVisible = 0;
			defaultConfigurationName = Release;
		};
		6D0D93FC2612D616002B3E7F /* Build configuration list for PBXNativeTarget "LineoneerTests" */ = {
			isa = XCConfigurationList;
			buildConfigurations = (
				6D0D93FD2612D616002B3E7F /* Debug */,
				6D0D93FE2612D616002B3E7F /* Release */,
			);
			defaultConfigurationIsVisible = 0;
			defaultConfigurationName = Release;
		};
		6D0D93FF2612D616002B3E7F /* Build configuration list for PBXNativeTarget "LineoneerUITests" */ = {
			isa = XCConfigurationList;
			buildConfigurations = (
				6D0D94002612D616002B3E7F /* Debug */,
				6D0D94012612D616002B3E7F /* Release */,
			);
			defaultConfigurationIsVisible = 0;
			defaultConfigurationName = Release;
		};
/* End XCConfigurationList section */
	};
	rootObject = 6D0D93CC2612D614002B3E7F /* Project object */;
}
